schema: '2.0'
stages:
  data_ingestion:
    cmd: python -m src.data_ingestion
    deps:
    - path: src/data_ingestion.py
      hash: md5
      md5: a6f080368a2a6762163f19f2d5cbf23b
      size: 8245
    outs:
    - path: data/processed/split/X_test.csv
      hash: md5
      md5: d90041c564b927f9de932f40c0dd4428
      size: 1161433
    - path: data/processed/split/X_train.csv
      hash: md5
      md5: 0272bb756bb563a8b8bd03fd10ebb3d5
      size: 4648311
    - path: data/processed/split/y_test.csv
      hash: md5
      md5: 3325ada2fe22ef885763e3cc1adcdb9c
      size: 52343
    - path: data/processed/split/y_train.csv
      hash: md5
      md5: 6a83f6fb908a7b65e76b94db7f3f41a2
      size: 209324
    - path: data/raw/raw_data.csv
      hash: md5
      md5: f585f39a44da9846ec2e92e1cd66b330
      size: 5991306
  data_preprocessing:
    cmd: python -m src.data_preprocessing
    deps:
    - path: data/processed/split/X_test.csv
      hash: md5
      md5: d90041c564b927f9de932f40c0dd4428
      size: 1161433
    - path: data/processed/split/X_train.csv
      hash: md5
      md5: 0272bb756bb563a8b8bd03fd10ebb3d5
      size: 4648311
    - path: src/data_preprocessing.py
      hash: md5
      md5: d9d4715fcde5b58efd45751aaca6deb6
      size: 5113
    outs:
    - path: data/processed/transformed_data/transformed_X_test.csv
      hash: md5
      md5: eed776e1fb76d03434bebe2dfe6eb108
      size: 236110
    - path: data/processed/transformed_data/transformed_X_train.csv
      hash: md5
      md5: 54c0166067957c8ea5b84b53b4dc12a8
      size: 944161
  model_trainer:
    cmd: python -m src.model_trainer
    deps:
    - path: data/processed/transformed_data/transformed_X_test.csv
      hash: md5
      md5: eed776e1fb76d03434bebe2dfe6eb108
      size: 236110
    - path: data/processed/transformed_data/transformed_X_train.csv
      hash: md5
      md5: 54c0166067957c8ea5b84b53b4dc12a8
      size: 944161
    - path: src/model_trainer.py
      hash: md5
      md5: 8b50e81ccd9edecd5ae6f4d85ab0e680
      size: 3011
    outs:
    - path: artifacts/models/logistic_regression_model.pkl
      hash: md5
      md5: 87a0c92b93c6f65a569e2dcf29dee121
      size: 881
  model_evaluation:
    cmd: python -m src.model_evaluation
    deps:
    - path: artifacts/models/logistic_regression_model.pkl
      hash: md5
      md5: 87a0c92b93c6f65a569e2dcf29dee121
      size: 881
    - path: data/processed/transformed_data/transformed_X_test.csv
      hash: md5
      md5: eed776e1fb76d03434bebe2dfe6eb108
      size: 236110
    - path: src/model_evaluation.py
      hash: md5
      md5: cd86080911ba4962f7210fcb4369139d
      size: 3905
    outs:
    - path: artifacts/reports/metrics.json
      hash: md5
      md5: 444291b46d330fbaced9b20f512c71e8
      size: 151
