schema: '2.0'
stages:
  data_ingestion:
    cmd: python -m src.data_ingestion
    deps:
    - path: src/data_ingestion.py
      hash: md5
      md5: c4d421a45d7f47a2317d5dd72d564daf
      size: 8087
    outs:
    - path: data/processed/split/X_test.csv
      hash: md5
      md5: bc3a303089c5bf0184735377080306ad
      size: 2904500
    - path: data/processed/split/X_train.csv
      hash: md5
      md5: 4a4e399bf588595fc69a0cf09dd691c5
      size: 2905253
    - path: data/processed/split/y_test.csv
      hash: md5
      md5: 65bf4c53f77bd62269af17553e4771b8
      size: 130835
    - path: data/processed/split/y_train.csv
      hash: md5
      md5: 72358e7b280a330fb12edd97411b0251
      size: 130832
    - path: data/raw/raw_data.csv
      hash: md5
      md5: 46b9ffb6e3aa0ca062a8eac632dda152
      size: 5991363
  data_preprocessing:
    cmd: python -m src.data_preprocessing
    deps:
    - path: data/processed/split/X_test.csv
      hash: md5
      md5: bc3a303089c5bf0184735377080306ad
      size: 2904500
    - path: data/processed/split/X_train.csv
      hash: md5
      md5: 4a4e399bf588595fc69a0cf09dd691c5
      size: 2905253
    - path: src/data_preprocessing.py
      hash: md5
      md5: d9d4715fcde5b58efd45751aaca6deb6
      size: 5113
    outs:
    - path: data/processed/transformed_data/transformed_X_test.csv
      hash: md5
      md5: 2bce5a8e3d144c0571913ce429ba491b
      size: 589987
    - path: data/processed/transformed_data/transformed_X_train.csv
      hash: md5
      md5: 8ce331f365f7baf8a836989cee84da08
      size: 590293
  model_trainer:
    cmd: python -m src.model_trainer
    deps:
    - path: data/processed/transformed_data/transformed_X_test.csv
      hash: md5
      md5: 2bce5a8e3d144c0571913ce429ba491b
      size: 589987
    - path: data/processed/transformed_data/transformed_X_train.csv
      hash: md5
      md5: 8ce331f365f7baf8a836989cee84da08
      size: 590293
    - path: src/model_trainer.py
      hash: md5
      md5: 40b8b01b4646513d0652f635a86a753e
      size: 2783
    outs:
    - path: artifacts/models/logistic_regression_model.pkl
      hash: md5
      md5: dfae1ddb1d5c74e29ef8a20efefeb222
      size: 871
  model_evaluation:
    cmd: python -m src.model_evaluation
    deps:
    - path: artifacts/models/logistic_regression_model.pkl
      hash: md5
      md5: dfae1ddb1d5c74e29ef8a20efefeb222
      size: 871
    - path: data/processed/transformed_data/transformed_X_test.csv
      hash: md5
      md5: 2bce5a8e3d144c0571913ce429ba491b
      size: 589987
    - path: src/model_evaluation.py
      hash: md5
      md5: 2a6c35bf20e469b3c6a685da75b6af63
      size: 3895
    outs:
    - path: artifacts/reports/metrics.json
      hash: md5
      md5: 4c9f6ef300d6280e22449aa8b93cc5a1
      size: 150
