schema: '2.0'
stages:
  data_ingestion:
    cmd: python -m src.data_ingestion
    deps:
    - path: src/data_ingestion.py
      hash: md5
      md5: a6f080368a2a6762163f19f2d5cbf23b
      size: 8245
    outs:
    - path: data/processed/split/X_test.csv
      hash: md5
      md5: 14a7e7e3f130daa7201a3937548f3bc7
      size: 1161480
    - path: data/processed/split/X_train.csv
      hash: md5
      md5: 091c87bba889ebe29b024f1d055d8ccf
      size: 4648375
    - path: data/processed/split/y_test.csv
      hash: md5
      md5: 3325ada2fe22ef885763e3cc1adcdb9c
      size: 52343
    - path: data/processed/split/y_train.csv
      hash: md5
      md5: 6a83f6fb908a7b65e76b94db7f3f41a2
      size: 209324
    - path: data/raw/raw_data.csv
      hash: md5
      md5: d43f523911727380f2e5f965c073a631
      size: 5991439
  data_preprocessing:
    cmd: python -m src.data_preprocessing
    deps:
    - path: data/processed/split/X_test.csv
      hash: md5
      md5: 14a7e7e3f130daa7201a3937548f3bc7
      size: 1161480
    - path: data/processed/split/X_train.csv
      hash: md5
      md5: 091c87bba889ebe29b024f1d055d8ccf
      size: 4648375
    - path: src/data_preprocessing.py
      hash: md5
      md5: d9d4715fcde5b58efd45751aaca6deb6
      size: 5113
    outs:
    - path: data/processed/transformed_data/transformed_X_test.csv
      hash: md5
      md5: 1da307edc279a9948514f23d24b1a3fe
      size: 236157
    - path: data/processed/transformed_data/transformed_X_train.csv
      hash: md5
      md5: e3e2a0babf174365c55515521b72258a
      size: 944225
  model_trainer:
    cmd: python -m src.model_trainer
    deps:
    - path: data/processed/transformed_data/transformed_X_test.csv
      hash: md5
      md5: 1da307edc279a9948514f23d24b1a3fe
      size: 236157
    - path: data/processed/transformed_data/transformed_X_train.csv
      hash: md5
      md5: e3e2a0babf174365c55515521b72258a
      size: 944225
    - path: src/model_trainer.py
      hash: md5
      md5: bcc9a2d854647ceb62825b4705e9fc8a
      size: 5525
    outs:
    - path: artifacts/models/logistic_regression_model.pkl
      hash: md5
      md5: 2c65196d2ad9bb89d22e78219961ffce
      size: 867
  model_evaluation:
    cmd: python -m src.model_evaluation
    deps:
    - path: artifacts/models/logistic_regression_model.pkl
      hash: md5
      md5: 2c65196d2ad9bb89d22e78219961ffce
      size: 867
    - path: data/processed/transformed_data/transformed_X_test.csv
      hash: md5
      md5: 1da307edc279a9948514f23d24b1a3fe
      size: 236157
    - path: src/model_evaluation.py
      hash: md5
      md5: 20ea4f8288a7ad5e82918aa77a5d1810
      size: 4534
    outs:
    - path: artifacts/reports/metrics.json
      hash: md5
      md5: 84d6d9bd20a9cc6f8a91ba0e45217739
      size: 148
